
Microsoft Visual Studio Solution File, Format Version 12.00
# Visual Studio Version 17
VisualStudioVersion = 17.8.34330.188
MinimumVisualStudioVersion = 10.0.40219.1
Project("{FAE04EC0-301F-11D3-BF4B-00C04F79EFBC}") = "BoyGirlBookPen", "BoyGirlBookPen.csproj", "{4CA5005B-A6A7-42F5-8DFC-CD3E2F16015F}"
EndProject
Global
	GlobalSection(SolutionConfigurationPlatforms) = preSolution
		Debug|Any CPU = Debug|Any CPU
		Release|Any CPU = Release|Any CPU
	EndGlobalSection
	GlobalSection(ProjectConfigurationPlatforms) = postSolution
		{4CA5005B-A6A7-42F5-8DFC-CD3E2F16015F}.Debug|Any CPU.ActiveCfg = Debug|Any CPU
		{4CA5005B-A6A7-42F5-8DFC-CD3E2F16015F}.Debug|Any CPU.Build.0 = Debug|Any CPU
		{4CA5005B-A6A7-42F5-8DFC-CD3E2F16015F}.Release|Any CPU.ActiveCfg = Release|Any CPU
		{4CA5005B-A6A7-42F5-8DFC-CD3E2F16015F}.Release|Any CPU.Build.0 = Release|Any CPU
	EndGlobalSection
	GlobalSection(SolutionProperties) = preSolution
		HideSolutionNode = FALSE
	EndGlobalSection
	GlobalSection(ExtensibilityGlobals) = postSolution
		SolutionGuid = {BA6DAD16-BFD4-4100-AAD7-D56D02C7ED76}
	EndGlobalSection
EndGlobal
