
Microsoft Visual Studio Solution File, Format Version 12.00
# Visual Studio Version 17
VisualStudioVersion = 17.8.34330.188
MinimumVisualStudioVersion = 10.0.40219.1
Project("{9A19103F-16F7-4668-BE54-9A1E7A4F7556}") = "MyApp", "ConsoleApp1\MyApp.csproj", "{5F940DC8-CED0-4A7E-B237-BEC9168913AF}"
EndProject
Global
	GlobalSection(SolutionConfigurationPlatforms) = preSolution
		Debug|Any CPU = Debug|Any CPU
		Release|Any CPU = Release|Any CPU
	EndGlobalSection
	GlobalSection(ProjectConfigurationPlatforms) = postSolution
		{5F940DC8-CED0-4A7E-B237-BEC9168913AF}.Debug|Any CPU.ActiveCfg = Debug|Any CPU
		{5F940DC8-CED0-4A7E-B237-BEC9168913AF}.Debug|Any CPU.Build.0 = Debug|Any CPU
		{5F940DC8-CED0-4A7E-B237-BEC9168913AF}.Release|Any CPU.ActiveCfg = Release|Any CPU
		{5F940DC8-CED0-4A7E-B237-BEC9168913AF}.Release|Any CPU.Build.0 = Release|Any CPU
	EndGlobalSection
	GlobalSection(SolutionProperties) = preSolution
		HideSolutionNode = FALSE
	EndGlobalSection
	GlobalSection(ExtensibilityGlobals) = postSolution
		SolutionGuid = {906CA1D8-C5BD-4D26-A382-7955407A48BA}
	EndGlobalSection
EndGlobal
