
Microsoft Visual Studio Solution File, Format Version 12.00
# Visual Studio Version 17
VisualStudioVersion = 17.8.34330.188
MinimumVisualStudioVersion = 10.0.40219.1
Project("{F184B08F-C81C-45F6-A57F-5ABD9991F28F}") = "My_VB_First_Project", "My_VB_First_Project\My_VB_First_Project.vbproj", "{47BFA97F-F840-4E88-9513-14F85AE81443}"
EndProject
Global
	GlobalSection(SolutionConfigurationPlatforms) = preSolution
		Debug|Any CPU = Debug|Any CPU
		Release|Any CPU = Release|Any CPU
	EndGlobalSection
	GlobalSection(ProjectConfigurationPlatforms) = postSolution
		{47BFA97F-F840-4E88-9513-14F85AE81443}.Debug|Any CPU.ActiveCfg = Debug|Any CPU
		{47BFA97F-F840-4E88-9513-14F85AE81443}.Debug|Any CPU.Build.0 = Debug|Any CPU
		{47BFA97F-F840-4E88-9513-14F85AE81443}.Release|Any CPU.ActiveCfg = Release|Any CPU
		{47BFA97F-F840-4E88-9513-14F85AE81443}.Release|Any CPU.Build.0 = Release|Any CPU
	EndGlobalSection
	GlobalSection(SolutionProperties) = preSolution
		HideSolutionNode = FALSE
	EndGlobalSection
	GlobalSection(ExtensibilityGlobals) = postSolution
		SolutionGuid = {1C842858-4CBC-44E5-91EC-EDBF8D4FD8A5}
	EndGlobalSection
EndGlobal
